
Microsoft Visual Studio Solution File, Format Version 12.00
# Visual Studio 15
Project("{FAE04EC0-301F-11D3-BF4B-00C04F79EFBC}") = "Assembly-CSharp", "Assembly-CSharp.csproj", "{64F6EFB3-947F-47EB-7A1C-824347C09981}"
EndProject
Project("{FAE04EC0-301F-11D3-BF4B-00C04F79EFBC}") = "Assembly-CSharp-Editor", "Assembly-CSharp-Editor.csproj", "{874A777C-BAE4-DE55-2DAC-C1553E1E8ECC}"
EndProject
Global
	GlobalSection(SolutionConfigurationPlatforms) = preSolution
		Debug|Any CPU = Debug|Any CPU
		Release|Any CPU = Release|Any CPU
	EndGlobalSection
	GlobalSection(ProjectConfigurationPlatforms) = postSolution
		{64F6EFB3-947F-47EB-7A1C-824347C09981}.Debug|Any CPU.ActiveCfg = Debug|Any CPU
		{64F6EFB3-947F-47EB-7A1C-824347C09981}.Debug|Any CPU.Build.0 = Debug|Any CPU
		{64F6EFB3-947F-47EB-7A1C-824347C09981}.Release|Any CPU.ActiveCfg = Release|Any CPU
		{64F6EFB3-947F-47EB-7A1C-824347C09981}.Release|Any CPU.Build.0 = Release|Any CPU
		{874A777C-BAE4-DE55-2DAC-C1553E1E8ECC}.Debug|Any CPU.ActiveCfg = Debug|Any CPU
		{874A777C-BAE4-DE55-2DAC-C1553E1E8ECC}.Debug|Any CPU.Build.0 = Debug|Any CPU
		{874A777C-BAE4-DE55-2DAC-C1553E1E8ECC}.Release|Any CPU.ActiveCfg = Release|Any CPU
		{874A777C-BAE4-DE55-2DAC-C1553E1E8ECC}.Release|Any CPU.Build.0 = Release|Any CPU
	EndGlobalSection
	GlobalSection(SolutionProperties) = preSolution
		HideSolutionNode = FALSE
	EndGlobalSection
EndGlobal
